
Microsoft Visual Studio Solution File, Format Version 12.00
# Visual Studio Version 16
VisualStudioVersion = 16.0.31624.102
MinimumVisualStudioVersion = 10.0.40219.1
Project("{F184B08F-C81C-45F6-A57F-5ABD9991F28F}") = "MvcCustomController", "MvcCustomController\MvcCustomController.vbproj", "{F1B9C1F9-2BBC-4AF8-8246-631A56AC966E}"
EndProject
Global
	GlobalSection(SolutionConfigurationPlatforms) = preSolution
		Debug|Any CPU = Debug|Any CPU
		Release|Any CPU = Release|Any CPU
	EndGlobalSection
	GlobalSection(ProjectConfigurationPlatforms) = postSolution
		{F1B9C1F9-2BBC-4AF8-8246-631A56AC966E}.Debug|Any CPU.ActiveCfg = Debug|Any CPU
		{F1B9C1F9-2BBC-4AF8-8246-631A56AC966E}.Debug|Any CPU.Build.0 = Debug|Any CPU
		{F1B9C1F9-2BBC-4AF8-8246-631A56AC966E}.Release|Any CPU.ActiveCfg = Release|Any CPU
		{F1B9C1F9-2BBC-4AF8-8246-631A56AC966E}.Release|Any CPU.Build.0 = Release|Any CPU
	EndGlobalSection
	GlobalSection(SolutionProperties) = preSolution
		HideSolutionNode = FALSE
	EndGlobalSection
	GlobalSection(ExtensibilityGlobals) = postSolution
		SolutionGuid = {7E9AF851-A7AA-4639-8FEF-9A14E51BCD8E}
	EndGlobalSection
EndGlobal
